// !$*UTF8*$!
{
	archiveVersion = 1;
	classes = {
	};
	objectVersion = 46;
	objects = {

/* Begin PBXBuildFile section */
		492C353F1E26349200333243 /* Assets.xcassets in Resources */ = {isa = PBXBuildFile; fileRef = 492C352A1E26349200333243 /* Assets.xcassets */; };
		492C35401E26349200333243 /* LaunchScreen.storyboard in Resources */ = {isa = PBXBuildFile; fileRef = 492C352B1E26349200333243 /* LaunchScreen.storyboard */; };
		492C35411E26349200333243 /* Main.storyboard in Resources */ = {isa = PBXBuildFile; fileRef = 492C352D1E26349200333243 /* Main.storyboard */; };
		492C35421E26349200333243 /* AppDelegate.swift in Sources */ = {isa = PBXBuildFile; fileRef = 492C35301E26349200333243 /* AppDelegate.swift */; };
		492C35431E26349200333243 /* Array+Shuffled.swift in Sources */ = {isa = PBXBuildFile; fileRef = 492C35321E26349200333243 /* Array+Shuffled.swift */; };
		492C35441E26349200333243 /* String+Pluralized.swift in Sources */ = {isa = PBXBuildFile; fileRef = 492C35331E26349200333243 /* String+Pluralized.swift */; };
		492C35451E26349200333243 /* UIRectEdge+Index.swift in Sources */ = {isa = PBXBuildFile; fileRef = 492C35341E26349200333243 /* UIRectEdge+Index.swift */; };
		492C35461E26349200333243 /* ViewController.swift in Sources */ = {isa = PBXBuildFile; fileRef = 492C353A1E26349200333243 /* ViewController.swift */; };
		492C354C1E26349A00333243 /* DriveTests.swift in Sources */ = {isa = PBXBuildFile; fileRef = 492C35491E26349A00333243 /* DriveTests.swift */; };
		492C35501E26355C00333243 /* MapKit.framework in Frameworks */ = {isa = PBXBuildFile; fileRef = 492C354F1E26355C00333243 /* MapKit.framework */; };
/* End PBXBuildFile section */

/* Begin PBXContainerItemProxy section */
		492C351B1E26311100333243 /* PBXContainerItemProxy */ = {
			isa = PBXContainerItemProxy;
			containerPortal = 492C34FE1E26311000333243 /* Project object */;
			proxyType = 1;
			remoteGlobalIDString = 492C35051E26311100333243;
			remoteInfo = Drive;
		};
/* End PBXContainerItemProxy section */

/* Begin PBXFileReference section */
		492C35061E26311100333243 /* Drive.app */ = {isa = PBXFileReference; explicitFileType = wrapper.application; includeInIndex = 0; path = Drive.app; sourceTree = BUILT_PRODUCTS_DIR; };
		492C351A1E26311100333243 /* DriveTests.xctest */ = {isa = PBXFileReference; explicitFileType = wrapper.cfbundle; includeInIndex = 0; path = DriveTests.xctest; sourceTree = BUILT_PRODUCTS_DIR; };
		492C352A1E26349200333243 /* Assets.xcassets */ = {isa = PBXFileReference; lastKnownFileType = folder.assetcatalog; path = Assets.xcassets; sourceTree = "<group>"; };
		492C352C1E26349200333243 /* Base */ = {isa = PBXFileReference; lastKnownFileType = file.storyboard; name = Base; path = Base.lproj/LaunchScreen.storyboard; sourceTree = "<group>"; };
		492C352E1E26349200333243 /* Base */ = {isa = PBXFileReference; lastKnownFileType = file.storyboard; name = Base; path = Base.lproj/Main.storyboard; sourceTree = "<group>"; };
		492C35301E26349200333243 /* AppDelegate.swift */ = {isa = PBXFileReference; fileEncoding = 4; lastKnownFileType = sourcecode.swift; path = AppDelegate.swift; sourceTree = "<group>"; };
		492C35321E26349200333243 /* Array+Shuffled.swift */ = {isa = PBXFileReference; fileEncoding = 4; lastKnownFileType = sourcecode.swift; path = "Array+Shuffled.swift"; sourceTree = "<group>"; };
		492C35331E26349200333243 /* String+Pluralized.swift */ = {isa = PBXFileReference; fileEncoding = 4; lastKnownFileType = sourcecode.swift; path = "String+Pluralized.swift"; sourceTree = "<group>"; };
		492C35341E26349200333243 /* UIRectEdge+Index.swift */ = {isa = PBXFileReference; fileEncoding = 4; lastKnownFileType = sourcecode.swift; path = "UIRectEdge+Index.swift"; sourceTree = "<group>"; };
		492C353A1E26349200333243 /* ViewController.swift */ = {isa = PBXFileReference; fileEncoding = 4; lastKnownFileType = sourcecode.swift; path = ViewController.swift; sourceTree = "<group>"; };
		492C353E1E26349200333243 /* Info.plist */ = {isa = PBXFileReference; fileEncoding = 4; lastKnownFileType = text.plist.xml; path = Info.plist; sourceTree = "<group>"; };
		492C35491E26349A00333243 /* DriveTests.swift */ = {isa = PBXFileReference; fileEncoding = 4; lastKnownFileType = sourcecode.swift; path = DriveTests.swift; sourceTree = "<group>"; };
		492C354B1E26349A00333243 /* Info.plist */ = {isa = PBXFileReference; fileEncoding = 4; lastKnownFileType = text.plist.xml; path = Info.plist; sourceTree = "<group>"; };
		492C354F1E26355C00333243 /* MapKit.framework */ = {isa = PBXFileReference; lastKnownFileType = wrapper.framework; name = MapKit.framework; path = System/Library/Frameworks/MapKit.framework; sourceTree = SDKROOT; };
/* End PBXFileReference section */

/* Begin PBXFrameworksBuildPhase section */
		492C35031E26311100333243 /* Frameworks */ = {
			isa = PBXFrameworksBuildPhase;
			buildActionMask = 2147483647;
			files = (
				492C35501E26355C00333243 /* MapKit.framework in Frameworks */,
			);
			runOnlyForDeploymentPostprocessing = 0;
		};
		492C35171E26311100333243 /* Frameworks */ = {
			isa = PBXFrameworksBuildPhase;
			buildActionMask = 2147483647;
			files = (
			);
			runOnlyForDeploymentPostprocessing = 0;
		};
/* End PBXFrameworksBuildPhase section */

/* Begin PBXGroup section */
		492C34FD1E26311000333243 = {
			isa = PBXGroup;
			children = (
				492C35081E26311100333243 /* Drive */,
				492C351D1E26311100333243 /* DriveTests */,
				492C35071E26311100333243 /* Products */,
				492C354E1E26355C00333243 /* Frameworks */,
			);
			sourceTree = "<group>";
		};
		492C35071E26311100333243 /* Products */ = {
			isa = PBXGroup;
			children = (
				492C35061E26311100333243 /* Drive.app */,
				492C351A1E26311100333243 /* DriveTests.xctest */,
			);
			name = Products;
			sourceTree = "<group>";
		};
		492C35081E26311100333243 /* Drive */ = {
			isa = PBXGroup;
			children = (
				492C35291E26349200333243 /* Resources */,
				492C352F1E26349200333243 /* Sources */,
				492C353D1E26349200333243 /* Support */,
			);
			path = Drive;
			sourceTree = "<group>";
		};
		492C351D1E26311100333243 /* DriveTests */ = {
			isa = PBXGroup;
			children = (
				492C35481E26349A00333243 /* Sources */,
				492C354A1E26349A00333243 /* Support */,
			);
			path = DriveTests;
			sourceTree = "<group>";
		};
		492C35291E26349200333243 /* Resources */ = {
			isa = PBXGroup;
			children = (
				492C352A1E26349200333243 /* Assets.xcassets */,
				492C352B1E26349200333243 /* LaunchScreen.storyboard */,
				492C352D1E26349200333243 /* Main.storyboard */,
			);
			path = Resources;
			sourceTree = "<group>";
		};
		492C352F1E26349200333243 /* Sources */ = {
			isa = PBXGroup;
			children = (
				492C35301E26349200333243 /* AppDelegate.swift */,
				492C35311E26349200333243 /* Extensions */,
				492C35351E26349200333243 /* Models */,
				492C35361E26349200333243 /* Protocols */,
				492C35371E26349200333243 /* Resources */,
				492C35381E26349200333243 /* Services */,
				492C35391E26349200333243 /* ViewControllers */,
				492C353B1E26349200333243 /* ViewModels */,
				492C353C1E26349200333243 /* Views */,
			);
			path = Sources;
			sourceTree = "<group>";
		};
		492C35311E26349200333243 /* Extensions */ = {
			isa = PBXGroup;
			children = (
				492C35321E26349200333243 /* Array+Shuffled.swift */,
				492C35331E26349200333243 /* String+Pluralized.swift */,
				492C35341E26349200333243 /* UIRectEdge+Index.swift */,
			);
			path = Extensions;
			sourceTree = "<group>";
		};
		492C35351E26349200333243 /* Models */ = {
			isa = PBXGroup;
			children = (
			);
			path = Models;
			sourceTree = "<group>";
		};
		492C35361E26349200333243 /* Protocols */ = {
			isa = PBXGroup;
			children = (
			);
			path = Protocols;
			sourceTree = "<group>";
		};
		492C35371E26349200333243 /* Resources */ = {
			isa = PBXGroup;
			children = (
			);
			path = Resources;
			sourceTree = "<group>";
		};
		492C35381E26349200333243 /* Services */ = {
			isa = PBXGroup;
			children = (
			);
			path = Services;
			sourceTree = "<group>";
		};
		492C35391E26349200333243 /* ViewControllers */ = {
			isa = PBXGroup;
			children = (
				492C353A1E26349200333243 /* ViewController.swift */,
			);
			path = ViewControllers;
			sourceTree = "<group>";
		};
		492C353B1E26349200333243 /* ViewModels */ = {
			isa = PBXGroup;
			children = (
			);
			path = ViewModels;
			sourceTree = "<group>";
		};
		492C353C1E26349200333243 /* Views */ = {
			isa = PBXGroup;
			children = (
			);
			path = Views;
			sourceTree = "<group>";
		};
		492C353D1E26349200333243 /* Support */ = {
			isa = PBXGroup;
			children = (
				492C353E1E26349200333243 /* Info.plist */,
			);
			path = Support;
			sourceTree = "<group>";
		};
		492C35481E26349A00333243 /* Sources */ = {
			isa = PBXGroup;
			children = (
				492C35491E26349A00333243 /* DriveTests.swift */,
			);
			path = Sources;
			sourceTree = "<group>";
		};
		492C354A1E26349A00333243 /* Support */ = {
			isa = PBXGroup;
			children = (
				492C354B1E26349A00333243 /* Info.plist */,
			);
			path = Support;
			sourceTree = "<group>";
		};
		492C354E1E26355C00333243 /* Frameworks */ = {
			isa = PBXGroup;
			children = (
				492C354F1E26355C00333243 /* MapKit.framework */,
			);
			name = Frameworks;
			sourceTree = "<group>";
		};
/* End PBXGroup section */

/* Begin PBXNativeTarget section */
		492C35051E26311100333243 /* Drive */ = {
			isa = PBXNativeTarget;
			buildConfigurationList = 492C35231E26311100333243 /* Build configuration list for PBXNativeTarget "Drive" */;
			buildPhases = (
				492C35021E26311100333243 /* Sources */,
				492C35031E26311100333243 /* Frameworks */,
				492C35041E26311100333243 /* Resources */,
			);
			buildRules = (
			);
			dependencies = (
			);
			name = Drive;
			productName = Drive;
			productReference = 492C35061E26311100333243 /* Drive.app */;
			productType = "com.apple.product-type.application";
		};
		492C35191E26311100333243 /* DriveTests */ = {
			isa = PBXNativeTarget;
			buildConfigurationList = 492C35261E26311100333243 /* Build configuration list for PBXNativeTarget "DriveTests" */;
			buildPhases = (
				492C35161E26311100333243 /* Sources */,
				492C35171E26311100333243 /* Frameworks */,
				492C35181E26311100333243 /* Resources */,
			);
			buildRules = (
			);
			dependencies = (
				492C351C1E26311100333243 /* PBXTargetDependency */,
			);
			name = DriveTests;
			productName = DriveTests;
			productReference = 492C351A1E26311100333243 /* DriveTests.xctest */;
			productType = "com.apple.product-type.bundle.unit-test";
		};
/* End PBXNativeTarget section */

/* Begin PBXProject section */
		492C34FE1E26311000333243 /* Project object */ = {
			isa = PBXProject;
			attributes = {
				LastSwiftUpdateCheck = 0820;
				LastUpgradeCheck = 0820;
				ORGANIZATIONNAME = Safecast;
				TargetAttributes = {
					492C35051E26311100333243 = {
						CreatedOnToolsVersion = 8.2.1;
						DevelopmentTeam = 7S5AAN8833;
						ProvisioningStyle = Automatic;
						SystemCapabilities = {
							com.apple.BackgroundModes = {
								enabled = 1;
							};
							com.apple.Maps.iOS = {
								enabled = 1;
							};
						};
					};
					492C35191E26311100333243 = {
						CreatedOnToolsVersion = 8.2.1;
						DevelopmentTeam = D87ZC5H69L;
						ProvisioningStyle = Automatic;
						TestTargetID = 492C35051E26311100333243;
					};
				};
			};
			buildConfigurationList = 492C35011E26311000333243 /* Build configuration list for PBXProject "Drive" */;
			compatibilityVersion = "Xcode 3.2";
			developmentRegion = English;
			hasScannedForEncodings = 0;
			knownRegions = (
				en,
				Base,
			);
			mainGroup = 492C34FD1E26311000333243;
			productRefGroup = 492C35071E26311100333243 /* Products */;
			projectDirPath = "";
			projectRoot = "";
			targets = (
				492C35051E26311100333243 /* Drive */,
				492C35191E26311100333243 /* DriveTests */,
			);
		};
/* End PBXProject section */

/* Begin PBXResourcesBuildPhase section */
		492C35041E26311100333243 /* Resources */ = {
			isa = PBXResourcesBuildPhase;
			buildActionMask = 2147483647;
			files = (
				492C35411E26349200333243 /* Main.storyboard in Resources */,
				492C353F1E26349200333243 /* Assets.xcassets in Resources */,
				492C35401E26349200333243 /* LaunchScreen.storyboard in Resources */,
			);
			runOnlyForDeploymentPostprocessing = 0;
		};
		492C35181E26311100333243 /* Resources */ = {
			isa = PBXResourcesBuildPhase;
			buildActionMask = 2147483647;
			files = (
			);
			runOnlyForDeploymentPostprocessing = 0;
		};
/* End PBXResourcesBuildPhase section */

/* Begin PBXSourcesBuildPhase section */
		492C35021E26311100333243 /* Sources */ = {
			isa = PBXSourcesBuildPhase;
			buildActionMask = 2147483647;
			files = (
				492C35461E26349200333243 /* ViewController.swift in Sources */,
				492C35441E26349200333243 /* String+Pluralized.swift in Sources */,
				492C35451E26349200333243 /* UIRectEdge+Index.swift in Sources */,
				492C35431E26349200333243 /* Array+Shuffled.swift in Sources */,
				492C35421E26349200333243 /* AppDelegate.swift in Sources */,
			);
			runOnlyForDeploymentPostprocessing = 0;
		};
		492C35161E26311100333243 /* Sources */ = {
			isa = PBXSourcesBuildPhase;
			buildActionMask = 2147483647;
			files = (
				492C354C1E26349A00333243 /* DriveTests.swift in Sources */,
			);
			runOnlyForDeploymentPostprocessing = 0;
		};
/* End PBXSourcesBuildPhase section */

/* Begin PBXTargetDependency section */
		492C351C1E26311100333243 /* PBXTargetDependency */ = {
			isa = PBXTargetDependency;
			target = 492C35051E26311100333243 /* Drive */;
			targetProxy = 492C351B1E26311100333243 /* PBXContainerItemProxy */;
		};
/* End PBXTargetDependency section */

/* Begin PBXVariantGroup section */
		492C352B1E26349200333243 /* LaunchScreen.storyboard */ = {
			isa = PBXVariantGroup;
			children = (
				492C352C1E26349200333243 /* Base */,
			);
			name = LaunchScreen.storyboard;
			sourceTree = "<group>";
		};
		492C352D1E26349200333243 /* Main.storyboard */ = {
			isa = PBXVariantGroup;
			children = (
				492C352E1E26349200333243 /* Base */,
			);
			name = Main.storyboard;
			sourceTree = "<group>";
		};
/* End PBXVariantGroup section */

/* Begin XCBuildConfiguration section */
		492C35211E26311100333243 /* Debug */ = {
			isa = XCBuildConfiguration;
			buildSettings = {
				ALWAYS_SEARCH_USER_PATHS = NO;
				CLANG_ANALYZER_NONNULL = YES;
				CLANG_CXX_LANGUAGE_STANDARD = "gnu++0x";
				CLANG_CXX_LIBRARY = "libc++";
				CLANG_ENABLE_MODULES = YES;
				CLANG_ENABLE_OBJC_ARC = YES;
				CLANG_WARN_BOOL_CONVERSION = YES;
				CLANG_WARN_CONSTANT_CONVERSION = YES;
				CLANG_WARN_DIRECT_OBJC_ISA_USAGE = YES_ERROR;
				CLANG_WARN_DOCUMENTATION_COMMENTS = YES;
				CLANG_WARN_EMPTY_BODY = YES;
				CLANG_WARN_ENUM_CONVERSION = YES;
				CLANG_WARN_INFINITE_RECURSION = YES;
				CLANG_WARN_INT_CONVERSION = YES;
				CLANG_WARN_OBJC_ROOT_CLASS = YES_ERROR;
				CLANG_WARN_SUSPICIOUS_MOVE = YES;
				CLANG_WARN_UNREACHABLE_CODE = YES;
				CLANG_WARN__DUPLICATE_METHOD_MATCH = YES;
				"CODE_SIGN_IDENTITY[sdk=iphoneos*]" = "iPhone Developer";
				COPY_PHASE_STRIP = NO;
				DEBUG_INFORMATION_FORMAT = dwarf;
				ENABLE_STRICT_OBJC_MSGSEND = YES;
				ENABLE_TESTABILITY = YES;
				GCC_C_LANGUAGE_STANDARD = gnu99;
				GCC_DYNAMIC_NO_PIC = NO;
				GCC_NO_COMMON_BLOCKS = YES;
				GCC_OPTIMIZATION_LEVEL = 0;
				GCC_PREPROCESSOR_DEFINITIONS = (
					"DEBUG=1",
					"$(inherited)",
				);
				GCC_WARN_64_TO_32_BIT_CONVERSION = YES;
				GCC_WARN_ABOUT_RETURN_TYPE = YES_ERROR;
				GCC_WARN_UNDECLARED_SELECTOR = YES;
				GCC_WARN_UNINITIALIZED_AUTOS = YES_AGGRESSIVE;
				GCC_WARN_UNUSED_FUNCTION = YES;
				GCC_WARN_UNUSED_VARIABLE = YES;
				IPHONEOS_DEPLOYMENT_TARGET = 9.0;
				MTL_ENABLE_DEBUG_INFO = YES;
				ONLY_ACTIVE_ARCH = YES;
				SDKROOT = iphoneos;
				SWIFT_ACTIVE_COMPILATION_CONDITIONS = DEBUG;
				SWIFT_OPTIMIZATION_LEVEL = "-Onone";
				TARGETED_DEVICE_FAMILY = "1,2";
			};
			name = Debug;
		};
		492C35221E26311100333243 /* Release */ = {
			isa = XCBuildConfiguration;
			buildSettings = {
				ALWAYS_SEARCH_USER_PATHS = NO;
				CLANG_ANALYZER_NONNULL = YES;
				CLANG_CXX_LANGUAGE_STANDARD = "gnu++0x";
				CLANG_CXX_LIBRARY = "libc++";
				CLANG_ENABLE_MODULES = YES;
				CLANG_ENABLE_OBJC_ARC = YES;
				CLANG_WARN_BOOL_CONVERSION = YES;
				CLANG_WARN_CONSTANT_CONVERSION = YES;
				CLANG_WARN_DIRECT_OBJC_ISA_USAGE = YES_ERROR;
				CLANG_WARN_DOCUMENTATION_COMMENTS = YES;
				CLANG_WARN_EMPTY_BODY = YES;
				CLANG_WARN_ENUM_CONVERSION = YES;
				CLANG_WARN_INFINITE_RECURSION = YES;
				CLANG_WARN_INT_CONVERSION = YES;
				CLANG_WARN_OBJC_ROOT_CLASS = YES_ERROR;
				CLANG_WARN_SUSPICIOUS_MOVE = YES;
				CLANG_WARN_UNREACHABLE_CODE = YES;
				CLANG_WARN__DUPLICATE_METHOD_MATCH = YES;
				"CODE_SIGN_IDENTITY[sdk=iphoneos*]" = "iPhone Developer";
				COPY_PHASE_STRIP = NO;
				DEBUG_INFORMATION_FORMAT = "dwarf-with-dsym";
				ENABLE_NS_ASSERTIONS = NO;
				ENABLE_STRICT_OBJC_MSGSEND = YES;
				GCC_C_LANGUAGE_STANDARD = gnu99;
				GCC_NO_COMMON_BLOCKS = YES;
				GCC_WARN_64_TO_32_BIT_CONVERSION = YES;
				GCC_WARN_ABOUT_RETURN_TYPE = YES_ERROR;
				GCC_WARN_UNDECLARED_SELECTOR = YES;
				GCC_WARN_UNINITIALIZED_AUTOS = YES_AGGRESSIVE;
				GCC_WARN_UNUSED_FUNCTION = YES;
				GCC_WARN_UNUSED_VARIABLE = YES;
				IPHONEOS_DEPLOYMENT_TARGET = 9.0;
				MTL_ENABLE_DEBUG_INFO = NO;
				SDKROOT = iphoneos;
				SWIFT_OPTIMIZATION_LEVEL = "-Owholemodule";
				TARGETED_DEVICE_FAMILY = "1,2";
				VALIDATE_PRODUCT = YES;
			};
			name = Release;
		};
		492C35241E26311100333243 /* Debug */ = {
			isa = XCBuildConfiguration;
			buildSettings = {
				ASSETCATALOG_COMPILER_APPICON_NAME = AppIcon;
				DEVELOPMENT_TEAM = 7S5AAN8833;
				INFOPLIST_FILE = "$(SRCROOT)/Drive/Support/Info.plist";
				LD_RUNPATH_SEARCH_PATHS = "$(inherited) @executable_path/Frameworks";
				PRODUCT_BUNDLE_IDENTIFIER = com.momokoito.drivecast;
				PRODUCT_NAME = "$(TARGET_NAME)";
				SWIFT_VERSION = 3.0;
			};
			name = Debug;
		};
		492C35251E26311100333243 /* Release */ = {
			isa = XCBuildConfiguration;
			buildSettings = {
				ASSETCATALOG_COMPILER_APPICON_NAME = AppIcon;
				DEVELOPMENT_TEAM = 7S5AAN8833;
				INFOPLIST_FILE = "$(SRCROOT)/Drive/Support/Info.plist";
				LD_RUNPATH_SEARCH_PATHS = "$(inherited) @executable_path/Frameworks";
				PRODUCT_BUNDLE_IDENTIFIER = com.momokoito.drivecast;
				PRODUCT_NAME = "$(TARGET_NAME)";
				SWIFT_VERSION = 3.0;
			};
			name = Release;
		};
		492C35271E26311100333243 /* Debug */ = {
			isa = XCBuildConfiguration;
			buildSettings = {
				ALWAYS_EMBED_SWIFT_STANDARD_LIBRARIES = YES;
				BUNDLE_LOADER = "$(TEST_HOST)";
				DEVELOPMENT_TEAM = D87ZC5H69L;
				INFOPLIST_FILE = DriveTests/Support/Info.plist;
				LD_RUNPATH_SEARCH_PATHS = "$(inherited) @executable_path/Frameworks @loader_path/Frameworks";
				PRODUCT_BUNDLE_IDENTIFIER = com.momokoito.drivecast.tests;
				PRODUCT_NAME = "$(TARGET_NAME)";
				SWIFT_VERSION = 3.0;
				TEST_HOST = "$(BUILT_PRODUCTS_DIR)/Drive.app/Drive";
			};
			name = Debug;
		};
		492C35281E26311100333243 /* Release */ = {
			isa = XCBuildConfiguration;
			buildSettings = {
				ALWAYS_EMBED_SWIFT_STANDARD_LIBRARIES = YES;
				BUNDLE_LOADER = "$(TEST_HOST)";
				DEVELOPMENT_TEAM = D87ZC5H69L;
				INFOPLIST_FILE = DriveTests/Support/Info.plist;
				LD_RUNPATH_SEARCH_PATHS = "$(inherited) @executable_path/Frameworks @loader_path/Frameworks";
				PRODUCT_BUNDLE_IDENTIFIER = com.momokoito.drivecast.tests;
				PRODUCT_NAME = "$(TARGET_NAME)";
				SWIFT_VERSION = 3.0;
				TEST_HOST = "$(BUILT_PRODUCTS_DIR)/Drive.app/Drive";
			};
			name = Release;
		};
/* End XCBuildConfiguration section */

/* Begin XCConfigurationList section */
		492C35011E26311000333243 /* Build configuration list for PBXProject "Drive" */ = {
			isa = XCConfigurationList;
			buildConfigurations = (
				492C35211E26311100333243 /* Debug */,
				492C35221E26311100333243 /* Release */,
			);
			defaultConfigurationIsVisible = 0;
			defaultConfigurationName = Release;
		};
		492C35231E26311100333243 /* Build configuration list for PBXNativeTarget "Drive" */ = {
			isa = XCConfigurationList;
			buildConfigurations = (
				492C35241E26311100333243 /* Debug */,
				492C35251E26311100333243 /* Release */,
			);
			defaultConfigurationIsVisible = 0;
			defaultConfigurationName = Release;
		};
		492C35261E26311100333243 /* Build configuration list for PBXNativeTarget "DriveTests" */ = {
			isa = XCConfigurationList;
			buildConfigurations = (
				492C35271E26311100333243 /* Debug */,
				492C35281E26311100333243 /* Release */,
			);
			defaultConfigurationIsVisible = 0;
			defaultConfigurationName = Release;
		};
/* End XCConfigurationList section */
	};
	rootObject = 492C34FE1E26311000333243 /* Project object */;
}
